// !$*UTF8*$!
{
	archiveVersion = 1;
	classes = {
	};
	objectVersion = 77;
	objects = {

/* Begin PBXContainerItemProxy section */
		B49DE8D92CBD9F07000C64F5 /* PBXContainerItemProxy */ = {
			isa = PBXContainerItemProxy;
			containerPortal = B49DE8BA2CBD9F04000C64F5 /* Project object */;
			proxyType = 1;
			remoteGlobalIDString = B49DE8C12CBD9F04000C64F5;
			remoteInfo = EssentialFeedApp;
		};
		B49DE8E32CBD9F07000C64F5 /* PBXContainerItemProxy */ = {
			isa = PBXContainerItemProxy;
			containerPortal = B49DE8BA2CBD9F04000C64F5 /* Project object */;
			proxyType = 1;
			remoteGlobalIDString = B49DE8C12CBD9F04000C64F5;
			remoteInfo = EssentialFeedApp;
		};
/* End PBXContainerItemProxy section */

/* Begin PBXFileReference section */
		B49DE8C22CBD9F04000C64F5 /* EssentialFeedApp.app */ = {isa = PBXFileReference; explicitFileType = wrapper.application; includeInIndex = 0; path = EssentialFeedApp.app; sourceTree = BUILT_PRODUCTS_DIR; };
		B49DE8D82CBD9F07000C64F5 /* EssentialFeedAppTests.xctest */ = {isa = PBXFileReference; explicitFileType = wrapper.cfbundle; includeInIndex = 0; path = EssentialFeedAppTests.xctest; sourceTree = BUILT_PRODUCTS_DIR; };
		B49DE8E22CBD9F07000C64F5 /* EssentialFeedAppUITests.xctest */ = {isa = PBXFileReference; explicitFileType = wrapper.cfbundle; includeInIndex = 0; path = EssentialFeedAppUITests.xctest; sourceTree = BUILT_PRODUCTS_DIR; };
/* End PBXFileReference section */

/* Begin PBXFileSystemSynchronizedBuildFileExceptionSet section */
		B49DE8EA2CBD9F08000C64F5 /* Exceptions for "EssentialFeedApp" folder in "EssentialFeedApp" target */ = {
			isa = PBXFileSystemSynchronizedBuildFileExceptionSet;
			membershipExceptions = (
				Info.plist,
			);
			target = B49DE8C12CBD9F04000C64F5 /* EssentialFeedApp */;
		};
/* End PBXFileSystemSynchronizedBuildFileExceptionSet section */

/* Begin PBXFileSystemSynchronizedRootGroup section */
		B49DE8C42CBD9F04000C64F5 /* EssentialFeedApp */ = {
			isa = PBXFileSystemSynchronizedRootGroup;
			exceptions = (
				B49DE8EA2CBD9F08000C64F5 /* Exceptions for "EssentialFeedApp" folder in "EssentialFeedApp" target */,
			);
			path = EssentialFeedApp;
			sourceTree = "<group>";
		};
		B49DE8DB2CBD9F07000C64F5 /* EssentialFeedAppTests */ = {
			isa = PBXFileSystemSynchronizedRootGroup;
			path = EssentialFeedAppTests;
			sourceTree = "<group>";
		};
		B49DE8E52CBD9F07000C64F5 /* EssentialFeedAppUITests */ = {
			isa = PBXFileSystemSynchronizedRootGroup;
			path = EssentialFeedAppUITests;
			sourceTree = "<group>";
		};
/* End PBXFileSystemSynchronizedRootGroup section */

/* Begin PBXFrameworksBuildPhase section */
		B49DE8BF2CBD9F04000C64F5 /* Frameworks */ = {
			isa = PBXFrameworksBuildPhase;
			buildActionMask = 2147483647;
			files = (
			);
			runOnlyForDeploymentPostprocessing = 0;
		};
		B49DE8D52CBD9F07000C64F5 /* Frameworks */ = {
			isa = PBXFrameworksBuildPhase;
			buildActionMask = 2147483647;
			files = (
			);
			runOnlyForDeploymentPostprocessing = 0;
		};
		B49DE8DF2CBD9F07000C64F5 /* Frameworks */ = {
			isa = PBXFrameworksBuildPhase;
			buildActionMask = 2147483647;
			files = (
			);
			runOnlyForDeploymentPostprocessing = 0;
		};
/* End PBXFrameworksBuildPhase section */

/* Begin PBXGroup section */
		B49DE8B92CBD9F04000C64F5 = {
			isa = PBXGroup;
			children = (
				B49DE8C42CBD9F04000C64F5 /* EssentialFeedApp */,
				B49DE8DB2CBD9F07000C64F5 /* EssentialFeedAppTests */,
				B49DE8E52CBD9F07000C64F5 /* EssentialFeedAppUITests */,
				B49DE8C32CBD9F04000C64F5 /* Products */,
			);
			sourceTree = "<group>";
		};
		B49DE8C32CBD9F04000C64F5 /* Products */ = {
			isa = PBXGroup;
			children = (
				B49DE8C22CBD9F04000C64F5 /* EssentialFeedApp.app */,
				B49DE8D82CBD9F07000C64F5 /* EssentialFeedAppTests.xctest */,
				B49DE8E22CBD9F07000C64F5 /* EssentialFeedAppUITests.xctest */,
			);
			name = Products;
			sourceTree = "<group>";
		};
/* End PBXGroup section */

/* Begin PBXNativeTarget section */
		B49DE8C12CBD9F04000C64F5 /* EssentialFeedApp */ = {
			isa = PBXNativeTarget;
			buildConfigurationList = B49DE8EB2CBD9F08000C64F5 /* Build configuration list for PBXNativeTarget "EssentialFeedApp" */;
			buildPhases = (
				B49DE8BE2CBD9F04000C64F5 /* Sources */,
				B49DE8BF2CBD9F04000C64F5 /* Frameworks */,
				B49DE8C02CBD9F04000C64F5 /* Resources */,
			);
			buildRules = (
			);
			dependencies = (
			);
			fileSystemSynchronizedGroups = (
				B49DE8C42CBD9F04000C64F5 /* EssentialFeedApp */,
			);
			name = EssentialFeedApp;
			packageProductDependencies = (
			);
			productName = EssentialFeedApp;
			productReference = B49DE8C22CBD9F04000C64F5 /* EssentialFeedApp.app */;
			productType = "com.apple.product-type.application";
		};
		B49DE8D72CBD9F07000C64F5 /* EssentialFeedAppTests */ = {
			isa = PBXNativeTarget;
			buildConfigurationList = B49DE8F02CBD9F08000C64F5 /* Build configuration list for PBXNativeTarget "EssentialFeedAppTests" */;
			buildPhases = (
				B49DE8D42CBD9F07000C64F5 /* Sources */,
				B49DE8D52CBD9F07000C64F5 /* Frameworks */,
				B49DE8D62CBD9F07000C64F5 /* Resources */,
			);
			buildRules = (
			);
			dependencies = (
				B49DE8DA2CBD9F07000C64F5 /* PBXTargetDependency */,
			);
			fileSystemSynchronizedGroups = (
				B49DE8DB2CBD9F07000C64F5 /* EssentialFeedAppTests */,
			);
			name = EssentialFeedAppTests;
			packageProductDependencies = (
			);
			productName = EssentialFeedAppTests;
			productReference = B49DE8D82CBD9F07000C64F5 /* EssentialFeedAppTests.xctest */;
			productType = "com.apple.product-type.bundle.unit-test";
		};
		B49DE8E12CBD9F07000C64F5 /* EssentialFeedAppUITests */ = {
			isa = PBXNativeTarget;
			buildConfigurationList = B49DE8F32CBD9F08000C64F5 /* Build configuration list for PBXNativeTarget "EssentialFeedAppUITests" */;
			buildPhases = (
				B49DE8DE2CBD9F07000C64F5 /* Sources */,
				B49DE8DF2CBD9F07000C64F5 /* Frameworks */,
				B49DE8E02CBD9F07000C64F5 /* Resources */,
			);
			buildRules = (
			);
			dependencies = (
				B49DE8E42CBD9F07000C64F5 /* PBXTargetDependency */,
			);
			fileSystemSynchronizedGroups = (
				B49DE8E52CBD9F07000C64F5 /* EssentialFeedAppUITests */,
			);
			name = EssentialFeedAppUITests;
			packageProductDependencies = (
			);
			productName = EssentialFeedAppUITests;
			productReference = B49DE8E22CBD9F07000C64F5 /* EssentialFeedAppUITests.xctest */;
			productType = "com.apple.product-type.bundle.ui-testing";
		};
/* End PBXNativeTarget section */

/* Begin PBXProject section */
		B49DE8BA2CBD9F04000C64F5 /* Project object */ = {
			isa = PBXProject;
			attributes = {
				BuildIndependentTargetsInParallel = 1;
				LastSwiftUpdateCheck = 1600;
				LastUpgradeCheck = 1600;
				TargetAttributes = {
					B49DE8C12CBD9F04000C64F5 = {
						CreatedOnToolsVersion = 16.0;
					};
					B49DE8D72CBD9F07000C64F5 = {
						CreatedOnToolsVersion = 16.0;
						TestTargetID = B49DE8C12CBD9F04000C64F5;
					};
					B49DE8E12CBD9F07000C64F5 = {
						CreatedOnToolsVersion = 16.0;
						TestTargetID = B49DE8C12CBD9F04000C64F5;
					};
				};
			};
			buildConfigurationList = B49DE8BD2CBD9F04000C64F5 /* Build configuration list for PBXProject "EssentialFeedApp" */;
			developmentRegion = en;
			hasScannedForEncodings = 0;
			knownRegions = (
				en,
				Base,
			);
			mainGroup = B49DE8B92CBD9F04000C64F5;
			minimizedProjectReferenceProxies = 1;
			preferredProjectObjectVersion = 77;
			productRefGroup = B49DE8C32CBD9F04000C64F5 /* Products */;
			projectDirPath = "";
			projectRoot = "";
			targets = (
				B49DE8C12CBD9F04000C64F5 /* EssentialFeedApp */,
				B49DE8D72CBD9F07000C64F5 /* EssentialFeedAppTests */,
				B49DE8E12CBD9F07000C64F5 /* EssentialFeedAppUITests */,
			);
		};
/* End PBXProject section */

/* Begin PBXResourcesBuildPhase section */
		B49DE8C02CBD9F04000C64F5 /* Resources */ = {
			isa = PBXResourcesBuildPhase;
			buildActionMask = 2147483647;
			files = (
			);
			runOnlyForDeploymentPostprocessing = 0;
		};
		B49DE8D62CBD9F07000C64F5 /* Resources */ = {
			isa = PBXResourcesBuildPhase;
			buildActionMask = 2147483647;
			files = (
			);
			runOnlyForDeploymentPostprocessing = 0;
		};
		B49DE8E02CBD9F07000C64F5 /* Resources */ = {
			isa = PBXResourcesBuildPhase;
			buildActionMask = 2147483647;
			files = (
			);
			runOnlyForDeploymentPostprocessing = 0;
		};
/* End PBXResourcesBuildPhase section */

/* Begin PBXSourcesBuildPhase section */
		B49DE8BE2CBD9F04000C64F5 /* Sources */ = {
			isa = PBXSourcesBuildPhase;
			buildActionMask = 2147483647;
			files = (
			);
			runOnlyForDeploymentPostprocessing = 0;
		};
		B49DE8D42CBD9F07000C64F5 /* Sources */ = {
			isa = PBXSourcesBuildPhase;
			buildActionMask = 2147483647;
			files = (
			);
			runOnlyForDeploymentPostprocessing = 0;
		};
		B49DE8DE2CBD9F07000C64F5 /* Sources */ = {
			isa = PBXSourcesBuildPhase;
			buildActionMask = 2147483647;
			files = (
			);
			runOnlyForDeploymentPostprocessing = 0;
		};
/* End PBXSourcesBuildPhase section */

/* Begin PBXTargetDependency section */
		B49DE8DA2CBD9F07000C64F5 /* PBXTargetDependency */ = {
			isa = PBXTargetDependency;
			target = B49DE8C12CBD9F04000C64F5 /* EssentialFeedApp */;
			targetProxy = B49DE8D92CBD9F07000C64F5 /* PBXContainerItemProxy */;
		};
		B49DE8E42CBD9F07000C64F5 /* PBXTargetDependency */ = {
			isa = PBXTargetDependency;
			target = B49DE8C12CBD9F04000C64F5 /* EssentialFeedApp */;
			targetProxy = B49DE8E32CBD9F07000C64F5 /* PBXContainerItemProxy */;
		};
/* End PBXTargetDependency section */

/* Begin XCBuildConfiguration section */
		B49DE8EC2CBD9F08000C64F5 /* Debug */ = {
			isa = XCBuildConfiguration;
			buildSettings = {
				ASSETCATALOG_COMPILER_APPICON_NAME = AppIcon;
				ASSETCATALOG_COMPILER_GLOBAL_ACCENT_COLOR_NAME = AccentColor;
				CODE_SIGN_STYLE = Automatic;
				CURRENT_PROJECT_VERSION = 1;
				DEVELOPMENT_TEAM = Z273P8K3M7;
				GENERATE_INFOPLIST_FILE = YES;
				INFOPLIST_FILE = EssentialFeedApp/Info.plist;
				INFOPLIST_KEY_UIApplicationSupportsIndirectInputEvents = YES;
				INFOPLIST_KEY_UILaunchStoryboardName = LaunchScreen;
				INFOPLIST_KEY_UIMainStoryboardFile = Main;
				INFOPLIST_KEY_UISupportedInterfaceOrientations_iPad = "UIInterfaceOrientationPortrait UIInterfaceOrientationPortraitUpsideDown UIInterfaceOrientationLandscapeLeft UIInterfaceOrientationLandscapeRight";
				INFOPLIST_KEY_UISupportedInterfaceOrientations_iPhone = "UIInterfaceOrientationPortrait UIInterfaceOrientationLandscapeLeft UIInterfaceOrientationLandscapeRight";
				LD_RUNPATH_SEARCH_PATHS = (
					"$(inherited)",
					"@executable_path/Frameworks",
				);
				MARKETING_VERSION = 1.0;
				PRODUCT_BUNDLE_IDENTIFIER = es.swiftindepth.EssentialFeedApp;
				PRODUCT_NAME = "$(TARGET_NAME)";
				SWIFT_EMIT_LOC_STRINGS = YES;
				SWIFT_VERSION = 5.0;
				TARGETED_DEVICE_FAMILY = "1,2";
			};
			name = Debug;
		};
		B49DE8ED2CBD9F08000C64F5 /* Release */ = {
			isa = XCBuildConfiguration;
			buildSettings = {
				ASSETCATALOG_COMPILER_APPICON_NAME = AppIcon;
				ASSETCATALOG_COMPILER_GLOBAL_ACCENT_COLOR_NAME = AccentColor;
				CODE_SIGN_STYLE = Automatic;
				CURRENT_PROJECT_VERSION = 1;
				DEVELOPMENT_TEAM = Z273P8K3M7;
				GENERATE_INFOPLIST_FILE = YES;
				INFOPLIST_FILE = EssentialFeedApp/Info.plist;
				INFOPLIST_KEY_UIApplicationSupportsIndirectInputEvents = YES;
				INFOPLIST_KEY_UILaunchStoryboardName = LaunchScreen;
				INFOPLIST_KEY_UIMainStoryboardFile = Main;
				INFOPLIST_KEY_UISupportedInterfaceOrientations_iPad = "UIInterfaceOrientationPortrait UIInterfaceOrientationPortraitUpsideDown UIInterfaceOrientationLandscapeLeft UIInterfaceOrientationLandscapeRight";
				INFOPLIST_KEY_UISupportedInterfaceOrientations_iPhone = "UIInterfaceOrientationPortrait UIInterfaceOrientationLandscapeLeft UIInterfaceOrientationLandscapeRight";
				LD_RUNPATH_SEARCH_PATHS = (
					"$(inherited)",
					"@executable_path/Frameworks",
				);
				MARKETING_VERSION = 1.0;
				PRODUCT_BUNDLE_IDENTIFIER = es.swiftindepth.EssentialFeedApp;
				PRODUCT_NAME = "$(TARGET_NAME)";
				SWIFT_EMIT_LOC_STRINGS = YES;
				SWIFT_VERSION = 5.0;
				TARGETED_DEVICE_FAMILY = "1,2";
			};
			name = Release;
		};
		B49DE8EE2CBD9F08000C64F5 /* Debug */ = {
			isa = XCBuildConfiguration;
			buildSettings = {
				ALWAYS_SEARCH_USER_PATHS = NO;
				ASSETCATALOG_COMPILER_GENERATE_SWIFT_ASSET_SYMBOL_EXTENSIONS = YES;
				CLANG_ANALYZER_NONNULL = YES;
				CLANG_ANALYZER_NUMBER_OBJECT_CONVERSION = YES_AGGRESSIVE;
				CLANG_CXX_LANGUAGE_STANDARD = "gnu++20";
				CLANG_ENABLE_MODULES = YES;
				CLANG_ENABLE_OBJC_ARC = YES;
				CLANG_ENABLE_OBJC_WEAK = YES;
				CLANG_WARN_BLOCK_CAPTURE_AUTORELEASING = YES;
				CLANG_WARN_BOOL_CONVERSION = YES;
				CLANG_WARN_COMMA = YES;
				CLANG_WARN_CONSTANT_CONVERSION = YES;
				CLANG_WARN_DEPRECATED_OBJC_IMPLEMENTATIONS = YES;
				CLANG_WARN_DIRECT_OBJC_ISA_USAGE = YES_ERROR;
				CLANG_WARN_DOCUMENTATION_COMMENTS = YES;
				CLANG_WARN_EMPTY_BODY = YES;
				CLANG_WARN_ENUM_CONVERSION = YES;
				CLANG_WARN_INFINITE_RECURSION = YES;
				CLANG_WARN_INT_CONVERSION = YES;
				CLANG_WARN_NON_LITERAL_NULL_CONVERSION = YES;
				CLANG_WARN_OBJC_IMPLICIT_RETAIN_SELF = YES;
				CLANG_WARN_OBJC_LITERAL_CONVERSION = YES;
				CLANG_WARN_OBJC_ROOT_CLASS = YES_ERROR;
				CLANG_WARN_QUOTED_INCLUDE_IN_FRAMEWORK_HEADER = YES;
				CLANG_WARN_RANGE_LOOP_ANALYSIS = YES;
				CLANG_WARN_STRICT_PROTOTYPES = YES;
				CLANG_WARN_SUSPICIOUS_MOVE = YES;
				CLANG_WARN_UNGUARDED_AVAILABILITY = YES_AGGRESSIVE;
				CLANG_WARN_UNREACHABLE_CODE = YES;
				CLANG_WARN__DUPLICATE_METHOD_MATCH = YES;
				COPY_PHASE_STRIP = NO;
				DEBUG_INFORMATION_FORMAT = dwarf;
				ENABLE_STRICT_OBJC_MSGSEND = YES;
				ENABLE_TESTABILITY = YES;
				ENABLE_USER_SCRIPT_SANDBOXING = YES;
				GCC_C_LANGUAGE_STANDARD = gnu17;
				GCC_DYNAMIC_NO_PIC = NO;
				GCC_NO_COMMON_BLOCKS = YES;
				GCC_OPTIMIZATION_LEVEL = 0;
				GCC_PREPROCESSOR_DEFINITIONS = (
					"DEBUG=1",
					"$(inherited)",
				);
				GCC_WARN_64_TO_32_BIT_CONVERSION = YES;
				GCC_WARN_ABOUT_RETURN_TYPE = YES_ERROR;
				GCC_WARN_UNDECLARED_SELECTOR = YES;
				GCC_WARN_UNINITIALIZED_AUTOS = YES_AGGRESSIVE;
				GCC_WARN_UNUSED_FUNCTION = YES;
				GCC_WARN_UNUSED_VARIABLE = YES;
				IPHONEOS_DEPLOYMENT_TARGET = 18.0;
				LOCALIZATION_PREFERS_STRING_CATALOGS = YES;
				MTL_ENABLE_DEBUG_INFO = INCLUDE_SOURCE;
				MTL_FAST_MATH = YES;
				ONLY_ACTIVE_ARCH = YES;
				SDKROOT = iphoneos;
				SWIFT_ACTIVE_COMPILATION_CONDITIONS = "DEBUG $(inherited)";
				SWIFT_OPTIMIZATION_LEVEL = "-Onone";
			};
			name = Debug;
		};
		B49DE8EF2CBD9F08000C64F5 /* Release */ = {
			isa = XCBuildConfiguration;
			buildSettings = {
				ALWAYS_SEARCH_USER_PATHS = NO;
				ASSETCATALOG_COMPILER_GENERATE_SWIFT_ASSET_SYMBOL_EXTENSIONS = YES;
				CLANG_ANALYZER_NONNULL = YES;
				CLANG_ANALYZER_NUMBER_OBJECT_CONVERSION = YES_AGGRESSIVE;
				CLANG_CXX_LANGUAGE_STANDARD = "gnu++20";
				CLANG_ENABLE_MODULES = YES;
				CLANG_ENABLE_OBJC_ARC = YES;
				CLANG_ENABLE_OBJC_WEAK = YES;
				CLANG_WARN_BLOCK_CAPTURE_AUTORELEASING = YES;
				CLANG_WARN_BOOL_CONVERSION = YES;
				CLANG_WARN_COMMA = YES;
				CLANG_WARN_CONSTANT_CONVERSION = YES;
				CLANG_WARN_DEPRECATED_OBJC_IMPLEMENTATIONS = YES;
				CLANG_WARN_DIRECT_OBJC_ISA_USAGE = YES_ERROR;
				CLANG_WARN_DOCUMENTATION_COMMENTS = YES;
				CLANG_WARN_EMPTY_BODY = YES;
				CLANG_WARN_ENUM_CONVERSION = YES;
				CLANG_WARN_INFINITE_RECURSION = YES;
				CLANG_WARN_INT_CONVERSION = YES;
				CLANG_WARN_NON_LITERAL_NULL_CONVERSION = YES;
				CLANG_WARN_OBJC_IMPLICIT_RETAIN_SELF = YES;
				CLANG_WARN_OBJC_LITERAL_CONVERSION = YES;
				CLANG_WARN_OBJC_ROOT_CLASS = YES_ERROR;
				CLANG_WARN_QUOTED_INCLUDE_IN_FRAMEWORK_HEADER = YES;
				CLANG_WARN_RANGE_LOOP_ANALYSIS = YES;
				CLANG_WARN_STRICT_PROTOTYPES = YES;
				CLANG_WARN_SUSPICIOUS_MOVE = YES;
				CLANG_WARN_UNGUARDED_AVAILABILITY = YES_AGGRESSIVE;
				CLANG_WARN_UNREACHABLE_CODE = YES;
				CLANG_WARN__DUPLICATE_METHOD_MATCH = YES;
				COPY_PHASE_STRIP = NO;
				DEBUG_INFORMATION_FORMAT = "dwarf-with-dsym";
				ENABLE_NS_ASSERTIONS = NO;
				ENABLE_STRICT_OBJC_MSGSEND = YES;
				ENABLE_USER_SCRIPT_SANDBOXING = YES;
				GCC_C_LANGUAGE_STANDARD = gnu17;
				GCC_NO_COMMON_BLOCKS = YES;
				GCC_WARN_64_TO_32_BIT_CONVERSION = YES;
				GCC_WARN_ABOUT_RETURN_TYPE = YES_ERROR;
				GCC_WARN_UNDECLARED_SELECTOR = YES;
				GCC_WARN_UNINITIALIZED_AUTOS = YES_AGGRESSIVE;
				GCC_WARN_UNUSED_FUNCTION = YES;
				GCC_WARN_UNUSED_VARIABLE = YES;
				IPHONEOS_DEPLOYMENT_TARGET = 18.0;
				LOCALIZATION_PREFERS_STRING_CATALOGS = YES;
				MTL_ENABLE_DEBUG_INFO = NO;
				MTL_FAST_MATH = YES;
				SDKROOT = iphoneos;
				SWIFT_COMPILATION_MODE = wholemodule;
				VALIDATE_PRODUCT = YES;
			};
			name = Release;
		};
		B49DE8F12CBD9F08000C64F5 /* Debug */ = {
			isa = XCBuildConfiguration;
			buildSettings = {
				BUNDLE_LOADER = "$(TEST_HOST)";
				CODE_SIGN_STYLE = Automatic;
				CURRENT_PROJECT_VERSION = 1;
				DEVELOPMENT_TEAM = Z273P8K3M7;
				GENERATE_INFOPLIST_FILE = YES;
				IPHONEOS_DEPLOYMENT_TARGET = 18.0;
				MARKETING_VERSION = 1.0;
				PRODUCT_BUNDLE_IDENTIFIER = es.swiftindepth.EssentialFeedAppTests;
				PRODUCT_NAME = "$(TARGET_NAME)";
				SWIFT_EMIT_LOC_STRINGS = NO;
				SWIFT_VERSION = 5.0;
				TARGETED_DEVICE_FAMILY = "1,2";
				TEST_HOST = "$(BUILT_PRODUCTS_DIR)/EssentialFeedApp.app/$(BUNDLE_EXECUTABLE_FOLDER_PATH)/EssentialFeedApp";
			};
			name = Debug;
		};
		B49DE8F22CBD9F08000C64F5 /* Release */ = {
			isa = XCBuildConfiguration;
			buildSettings = {
				BUNDLE_LOADER = "$(TEST_HOST)";
				CODE_SIGN_STYLE = Automatic;
				CURRENT_PROJECT_VERSION = 1;
				DEVELOPMENT_TEAM = Z273P8K3M7;
				GENERATE_INFOPLIST_FILE = YES;
				IPHONEOS_DEPLOYMENT_TARGET = 18.0;
				MARKETING_VERSION = 1.0;
				PRODUCT_BUNDLE_IDENTIFIER = es.swiftindepth.EssentialFeedAppTests;
				PRODUCT_NAME = "$(TARGET_NAME)";
				SWIFT_EMIT_LOC_STRINGS = NO;
				SWIFT_VERSION = 5.0;
				TARGETED_DEVICE_FAMILY = "1,2";
				TEST_HOST = "$(BUILT_PRODUCTS_DIR)/EssentialFeedApp.app/$(BUNDLE_EXECUTABLE_FOLDER_PATH)/EssentialFeedApp";
			};
			name = Release;
		};
		B49DE8F42CBD9F08000C64F5 /* Debug */ = {
			isa = XCBuildConfiguration;
			buildSettings = {
				CODE_SIGN_STYLE = Automatic;
				CURRENT_PROJECT_VERSION = 1;
				DEVELOPMENT_TEAM = Z273P8K3M7;
				GENERATE_INFOPLIST_FILE = YES;
				MARKETING_VERSION = 1.0;
				PRODUCT_BUNDLE_IDENTIFIER = es.swiftindepth.EssentialFeedAppUITests;
				PRODUCT_NAME = "$(TARGET_NAME)";
				SWIFT_EMIT_LOC_STRINGS = NO;
				SWIFT_VERSION = 5.0;
				TARGETED_DEVICE_FAMILY = "1,2";
				TEST_TARGET_NAME = EssentialFeedApp;
			};
			name = Debug;
		};
		B49DE8F52CBD9F08000C64F5 /* Release */ = {
			isa = XCBuildConfiguration;
			buildSettings = {
				CODE_SIGN_STYLE = Automatic;
				CURRENT_PROJECT_VERSION = 1;
				DEVELOPMENT_TEAM = Z273P8K3M7;
				GENERATE_INFOPLIST_FILE = YES;
				MARKETING_VERSION = 1.0;
				PRODUCT_BUNDLE_IDENTIFIER = es.swiftindepth.EssentialFeedAppUITests;
				PRODUCT_NAME = "$(TARGET_NAME)";
				SWIFT_EMIT_LOC_STRINGS = NO;
				SWIFT_VERSION = 5.0;
				TARGETED_DEVICE_FAMILY = "1,2";
				TEST_TARGET_NAME = EssentialFeedApp;
			};
			name = Release;
		};
/* End XCBuildConfiguration section */

/* Begin XCConfigurationList section */
		B49DE8BD2CBD9F04000C64F5 /* Build configuration list for PBXProject "EssentialFeedApp" */ = {
			isa = XCConfigurationList;
			buildConfigurations = (
				B49DE8EE2CBD9F08000C64F5 /* Debug */,
				B49DE8EF2CBD9F08000C64F5 /* Release */,
			);
			defaultConfigurationIsVisible = 0;
			defaultConfigurationName = Release;
		};
		B49DE8EB2CBD9F08000C64F5 /* Build configuration list for PBXNativeTarget "EssentialFeedApp" */ = {
			isa = XCConfigurationList;
			buildConfigurations = (
				B49DE8EC2CBD9F08000C64F5 /* Debug */,
				B49DE8ED2CBD9F08000C64F5 /* Release */,
			);
			defaultConfigurationIsVisible = 0;
			defaultConfigurationName = Release;
		};
		B49DE8F02CBD9F08000C64F5 /* Build configuration list for PBXNativeTarget "EssentialFeedAppTests" */ = {
			isa = XCConfigurationList;
			buildConfigurations = (
				B49DE8F12CBD9F08000C64F5 /* Debug */,
				B49DE8F22CBD9F08000C64F5 /* Release */,
			);
			defaultConfigurationIsVisible = 0;
			defaultConfigurationName = Release;
		};
		B49DE8F32CBD9F08000C64F5 /* Build configuration list for PBXNativeTarget "EssentialFeedAppUITests" */ = {
			isa = XCConfigurationList;
			buildConfigurations = (
				B49DE8F42CBD9F08000C64F5 /* Debug */,
				B49DE8F52CBD9F08000C64F5 /* Release */,
			);
			defaultConfigurationIsVisible = 0;
			defaultConfigurationName = Release;
		};
/* End XCConfigurationList section */
	};
	rootObject = B49DE8BA2CBD9F04000C64F5 /* Project object */;
}
